// !$*UTF8*$!
{
	archiveVersion = 1;
	classes = {
	};
	objectVersion = 55;
	objects = {

/* Begin PBXBuildFile section */
		2F387918283E684500AD3C30 /* AppError.swift in Sources */ = {isa = PBXBuildFile; fileRef = 2FEB63D72836614300C49325 /* AppError.swift */; };
		2F38791B283E684500AD3C30 /* VCBackupEncoder.swift in Sources */ = {isa = PBXBuildFile; fileRef = 2F387910283E656100AD3C30 /* VCBackupEncoder.swift */; };
		2F64F50929D79CF6004CB70D /* VCCrypto.framework in Frameworks */ = {isa = PBXBuildFile; fileRef = 2F64F4F429D79BCD004CB70D /* VCCrypto.framework */; };
		2F64F50A29D79CF6004CB70D /* VCCrypto.framework in Embed Frameworks */ = {isa = PBXBuildFile; fileRef = 2F64F4F429D79BCD004CB70D /* VCCrypto.framework */; settings = {ATTRIBUTES = (CodeSignOnCopy, RemoveHeadersOnCopy, ); }; };
		2F64F50B29D79CFC004CB70D /* VCCrypto.framework in Frameworks */ = {isa = PBXBuildFile; fileRef = 2F64F4F429D79BCD004CB70D /* VCCrypto.framework */; };
		2F64F50C29D79CFC004CB70D /* VCCrypto.framework in Embed Frameworks */ = {isa = PBXBuildFile; fileRef = 2F64F4F429D79BCD004CB70D /* VCCrypto.framework */; settings = {ATTRIBUTES = (CodeSignOnCopy, RemoveHeadersOnCopy, ); }; };
		2F64F54329D79FC2004CB70D /* VCToken.framework in Frameworks */ = {isa = PBXBuildFile; fileRef = 2F64F52D29D79EF0004CB70D /* VCToken.framework */; };
		2F64F54429D79FC2004CB70D /* VCToken.framework in Embed Frameworks */ = {isa = PBXBuildFile; fileRef = 2F64F52D29D79EF0004CB70D /* VCToken.framework */; settings = {ATTRIBUTES = (CodeSignOnCopy, RemoveHeadersOnCopy, ); }; };
		2F64F54529D79FC7004CB70D /* VCToken.framework in Frameworks */ = {isa = PBXBuildFile; fileRef = 2F64F52D29D79EF0004CB70D /* VCToken.framework */; };
		2F64F54629D79FC7004CB70D /* VCToken.framework in Embed Frameworks */ = {isa = PBXBuildFile; fileRef = 2F64F52D29D79EF0004CB70D /* VCToken.framework */; settings = {ATTRIBUTES = (CodeSignOnCopy, RemoveHeadersOnCopy, ); }; };
		2F64F54929D7A077004CB70D /* UnprotectedBackupData.swift in Sources */ = {isa = PBXBuildFile; fileRef = 2F64F54729D7A077004CB70D /* UnprotectedBackupData.swift */; };
		2F64F54A29D7A077004CB70D /* ProtectedBackupData.swift in Sources */ = {isa = PBXBuildFile; fileRef = 2F64F54829D7A077004CB70D /* ProtectedBackupData.swift */; };
		2F64F54C29D7A0D3004CB70D /* JwePasswordProtectionMethod.swift in Sources */ = {isa = PBXBuildFile; fileRef = 2F64F54B29D7A0D3004CB70D /* JwePasswordProtectionMethod.swift */; };
		2F64F54E29D7A0F6004CB70D /* JwePasswordProtectedBackupData.swift in Sources */ = {isa = PBXBuildFile; fileRef = 2F64F54D29D7A0F6004CB70D /* JwePasswordProtectedBackupData.swift */; };
		2F64F55229D7A15A004CB70D /* BackupProtectionMethod.swift in Sources */ = {isa = PBXBuildFile; fileRef = 2F64F55129D7A15A004CB70D /* BackupProtectionMethod.swift */; };
		2F64F55329D7B9FE004CB70D /* VCCrypto.framework in CopyFiles */ = {isa = PBXBuildFile; fileRef = 2F64F4F429D79BCD004CB70D /* VCCrypto.framework */; };
		2F64F55429D7BA03004CB70D /* VCToken.framework in CopyFiles */ = {isa = PBXBuildFile; fileRef = 2F64F52D29D79EF0004CB70D /* VCToken.framework */; };
		2F64F56929D7BF66004CB70D /* JwePasswordProtectedBackupData.swift in Sources */ = {isa = PBXBuildFile; fileRef = 2F64F54D29D7A0F6004CB70D /* JwePasswordProtectedBackupData.swift */; };
		2F64F56A29D7BF66004CB70D /* ProtectedBackupData.swift in Sources */ = {isa = PBXBuildFile; fileRef = 2F64F54829D7A077004CB70D /* ProtectedBackupData.swift */; };
		2F64F56B29D7BF66004CB70D /* BackupProtectionMethod.swift in Sources */ = {isa = PBXBuildFile; fileRef = 2F64F55129D7A15A004CB70D /* BackupProtectionMethod.swift */; };
		2F64F56C29D7BF66004CB70D /* JwePasswordProtectionMethod.swift in Sources */ = {isa = PBXBuildFile; fileRef = 2F64F54B29D7A0D3004CB70D /* JwePasswordProtectionMethod.swift */; };
		2F64F56D29D7BF66004CB70D /* UnprotectedBackupData.swift in Sources */ = {isa = PBXBuildFile; fileRef = 2F64F54729D7A077004CB70D /* UnprotectedBackupData.swift */; };
		2F64F56F29D8A393004CB70D /* StdErr.swift in Sources */ = {isa = PBXBuildFile; fileRef = 2F64F56E29D8A393004CB70D /* StdErr.swift */; };
		2F64F57029D8A393004CB70D /* StdErr.swift in Sources */ = {isa = PBXBuildFile; fileRef = 2F64F56E29D8A393004CB70D /* StdErr.swift */; };
		2FC583C729D9AAAB00B17AB1 /* StdIn.swift in Sources */ = {isa = PBXBuildFile; fileRef = 2FC583C629D9AAAB00B17AB1 /* StdIn.swift */; };
		2FC583C829D9AAAB00B17AB1 /* StdIn.swift in Sources */ = {isa = PBXBuildFile; fileRef = 2FC583C629D9AAAB00B17AB1 /* StdIn.swift */; };
		2FEB6398283653E800C49325 /* VCBackupDecoder.swift in Sources */ = {isa = PBXBuildFile; fileRef = 2FEB6397283653E800C49325 /* VCBackupDecoder.swift */; };
		2FEB63D82836614300C49325 /* AppError.swift in Sources */ = {isa = PBXBuildFile; fileRef = 2FEB63D72836614300C49325 /* AppError.swift */; };
/* End PBXBuildFile section */

/* Begin PBXContainerItemProxy section */
		2F64F4F329D79BCD004CB70D /* PBXContainerItemProxy */ = {
			isa = PBXContainerItemProxy;
			containerPortal = 2F64F4EF29D79BCC004CB70D /* VCCrypto.xcodeproj */;
			proxyType = 2;
			remoteGlobalIDString = 2F64F4E529D79BCC004CB70D;
			remoteInfo = VCCrypto;
		};
		2F64F52C29D79EF0004CB70D /* PBXContainerItemProxy */ = {
			isa = PBXContainerItemProxy;
			containerPortal = 2F64F52829D79EF0004CB70D /* VCToken.xcodeproj */;
			proxyType = 2;
			remoteGlobalIDString = 2F64F51E29D79EF0004CB70D;
			remoteInfo = VCToken;
		};
/* End PBXContainerItemProxy section */

/* Begin PBXCopyFilesBuildPhase section */
		2F387927283E684500AD3C30 /* CopyFiles */ = {
			isa = PBXCopyFilesBuildPhase;
			buildActionMask = 2147483647;
			dstPath = /usr/share/man/man1/;
			dstSubfolderSpec = 0;
			files = (
			);
			runOnlyForDeploymentPostprocessing = 1;
		};
		2F387928283E684500AD3C30 /* Embed Frameworks */ = {
			isa = PBXCopyFilesBuildPhase;
			buildActionMask = 2147483647;
			dstPath = "";
			dstSubfolderSpec = 10;
			files = (
				2F64F50A29D79CF6004CB70D /* VCCrypto.framework in Embed Frameworks */,
				2F64F54629D79FC7004CB70D /* VCToken.framework in Embed Frameworks */,
			);
			name = "Embed Frameworks";
			runOnlyForDeploymentPostprocessing = 0;
		};
		2FEB6392283653E800C49325 /* CopyFiles */ = {
			isa = PBXCopyFilesBuildPhase;
			buildActionMask = 2147483647;
			dstPath = /usr/share/man/man1/;
			dstSubfolderSpec = 0;
			files = (
				2F64F55429D7BA03004CB70D /* VCToken.framework in CopyFiles */,
				2F64F55329D7B9FE004CB70D /* VCCrypto.framework in CopyFiles */,
			);
			runOnlyForDeploymentPostprocessing = 1;
		};
		2FEB63B7283658EC00C49325 /* Embed Frameworks */ = {
			isa = PBXCopyFilesBuildPhase;
			buildActionMask = 2147483647;
			dstPath = "";
			dstSubfolderSpec = 10;
			files = (
				2F64F50C29D79CFC004CB70D /* VCCrypto.framework in Embed Frameworks */,
				2F64F54429D79FC2004CB70D /* VCToken.framework in Embed Frameworks */,
			);
			name = "Embed Frameworks";
			runOnlyForDeploymentPostprocessing = 0;
		};
/* End PBXCopyFilesBuildPhase section */

/* Begin PBXFileReference section */
		2F387910283E656100AD3C30 /* VCBackupEncoder.swift */ = {isa = PBXFileReference; lastKnownFileType = sourcecode.swift; path = VCBackupEncoder.swift; sourceTree = "<group>"; };
		2F38792C283E684500AD3C30 /* VCBackupEncoder */ = {isa = PBXFileReference; explicitFileType = "compiled.mach-o.executable"; includeInIndex = 0; path = VCBackupEncoder; sourceTree = BUILT_PRODUCTS_DIR; };
		2F64F4EF29D79BCC004CB70D /* VCCrypto.xcodeproj */ = {isa = PBXFileReference; lastKnownFileType = "wrapper.pb-project"; name = VCCrypto.xcodeproj; path = VCCrypto/VCCrypto.xcodeproj; sourceTree = "<group>"; };
		2F64F52829D79EF0004CB70D /* VCToken.xcodeproj */ = {isa = PBXFileReference; lastKnownFileType = "wrapper.pb-project"; name = VCToken.xcodeproj; path = VCToken/VCToken.xcodeproj; sourceTree = "<group>"; };
		2F64F54729D7A077004CB70D /* UnprotectedBackupData.swift */ = {isa = PBXFileReference; fileEncoding = 4; lastKnownFileType = sourcecode.swift; name = UnprotectedBackupData.swift; path = "VerifiableCredential-SDK-iOS/VCEntities/VCEntities/backup/content/UnprotectedBackupData.swift"; sourceTree = "<group>"; };
		2F64F54829D7A077004CB70D /* ProtectedBackupData.swift */ = {isa = PBXFileReference; fileEncoding = 4; lastKnownFileType = sourcecode.swift; name = ProtectedBackupData.swift; path = "VerifiableCredential-SDK-iOS/VCEntities/VCEntities/backup/content/ProtectedBackupData.swift"; sourceTree = "<group>"; };
		2F64F54B29D7A0D3004CB70D /* JwePasswordProtectionMethod.swift */ = {isa = PBXFileReference; fileEncoding = 4; lastKnownFileType = sourcecode.swift; name = JwePasswordProtectionMethod.swift; path = "VerifiableCredential-SDK-iOS/VCEntities/VCEntities/backup/container/jwe/JwePasswordProtectionMethod.swift"; sourceTree = "<group>"; };
		2F64F54D29D7A0F6004CB70D /* JwePasswordProtectedBackupData.swift */ = {isa = PBXFileReference; fileEncoding = 4; lastKnownFileType = sourcecode.swift; name = JwePasswordProtectedBackupData.swift; path = "VerifiableCredential-SDK-iOS/VCEntities/VCEntities/backup/container/jwe/JwePasswordProtectedBackupData.swift"; sourceTree = "<group>"; };
		2F64F55129D7A15A004CB70D /* BackupProtectionMethod.swift */ = {isa = PBXFileReference; fileEncoding = 4; lastKnownFileType = sourcecode.swift; name = BackupProtectionMethod.swift; path = "VerifiableCredential-SDK-iOS/VCEntities/VCEntities/backup/container/BackupProtectionMethod.swift"; sourceTree = "<group>"; };
		2F64F56E29D8A393004CB70D /* StdErr.swift */ = {isa = PBXFileReference; lastKnownFileType = sourcecode.swift; path = StdErr.swift; sourceTree = "<group>"; };
		2FC583C629D9AAAB00B17AB1 /* StdIn.swift */ = {isa = PBXFileReference; lastKnownFileType = sourcecode.swift; path = StdIn.swift; sourceTree = "<group>"; };
		2FEB6394283653E800C49325 /* VCBackupDecoder */ = {isa = PBXFileReference; explicitFileType = "compiled.mach-o.executable"; includeInIndex = 0; path = VCBackupDecoder; sourceTree = BUILT_PRODUCTS_DIR; };
		2FEB6397283653E800C49325 /* VCBackupDecoder.swift */ = {isa = PBXFileReference; lastKnownFileType = sourcecode.swift; path = VCBackupDecoder.swift; sourceTree = "<group>"; };
		2FEB63D72836614300C49325 /* AppError.swift */ = {isa = PBXFileReference; lastKnownFileType = sourcecode.swift; path = AppError.swift; sourceTree = "<group>"; };
/* End PBXFileReference section */

/* Begin PBXFrameworksBuildPhase section */
		2F387926283E684500AD3C30 /* Frameworks */ = {
			isa = PBXFrameworksBuildPhase;
			buildActionMask = 2147483647;
			files = (
				2F64F50929D79CF6004CB70D /* VCCrypto.framework in Frameworks */,
				2F64F54529D79FC7004CB70D /* VCToken.framework in Frameworks */,
			);
			runOnlyForDeploymentPostprocessing = 0;
		};
		2FEB6391283653E800C49325 /* Frameworks */ = {
			isa = PBXFrameworksBuildPhase;
			buildActionMask = 2147483647;
			files = (
				2F64F50B29D79CFC004CB70D /* VCCrypto.framework in Frameworks */,
				2F64F54329D79FC2004CB70D /* VCToken.framework in Frameworks */,
			);
			runOnlyForDeploymentPostprocessing = 0;
		};
/* End PBXFrameworksBuildPhase section */

/* Begin PBXGroup section */
		2F64F4B329D77DC8004CB70D /* VerifiableCredential-SDK */ = {
			isa = PBXGroup;
			children = (
				2F64F52829D79EF0004CB70D /* VCToken.xcodeproj */,
				2F64F4EF29D79BCC004CB70D /* VCCrypto.xcodeproj */,
				2F64F54829D7A077004CB70D /* ProtectedBackupData.swift */,
				2F64F54729D7A077004CB70D /* UnprotectedBackupData.swift */,
				2F64F55129D7A15A004CB70D /* BackupProtectionMethod.swift */,
				2F64F54D29D7A0F6004CB70D /* JwePasswordProtectedBackupData.swift */,
				2F64F54B29D7A0D3004CB70D /* JwePasswordProtectionMethod.swift */,
			);
			name = "VerifiableCredential-SDK";
			sourceTree = "<group>";
		};
		2F64F4F029D79BCC004CB70D /* Products */ = {
			isa = PBXGroup;
			children = (
				2F64F4F429D79BCD004CB70D /* VCCrypto.framework */,
			);
			name = Products;
			sourceTree = "<group>";
		};
		2F64F52929D79EF0004CB70D /* Products */ = {
			isa = PBXGroup;
			children = (
				2F64F52D29D79EF0004CB70D /* VCToken.framework */,
			);
			name = Products;
			sourceTree = "<group>";
		};
		2FEB638B283653E800C49325 = {
			isa = PBXGroup;
			children = (
				2F64F4B329D77DC8004CB70D /* VerifiableCredential-SDK */,
				2FEB6396283653E800C49325 /* Sources */,
				2FEB6395283653E800C49325 /* Products */,
				2FEB63AA283658A000C49325 /* Frameworks */,
			);
			sourceTree = "<group>";
		};
		2FEB6395283653E800C49325 /* Products */ = {
			isa = PBXGroup;
			children = (
				2FEB6394283653E800C49325 /* VCBackupDecoder */,
				2F38792C283E684500AD3C30 /* VCBackupEncoder */,
			);
			name = Products;
			sourceTree = "<group>";
		};
		2FEB6396283653E800C49325 /* Sources */ = {
			isa = PBXGroup;
			children = (
				2FEB6397283653E800C49325 /* VCBackupDecoder.swift */,
				2FEB63D72836614300C49325 /* AppError.swift */,
				2F387910283E656100AD3C30 /* VCBackupEncoder.swift */,
				2F64F56E29D8A393004CB70D /* StdErr.swift */,
				2FC583C629D9AAAB00B17AB1 /* StdIn.swift */,
			);
			path = Sources;
			sourceTree = "<group>";
		};
		2FEB63AA283658A000C49325 /* Frameworks */ = {
			isa = PBXGroup;
			children = (
			);
			name = Frameworks;
			sourceTree = "<group>";
		};
/* End PBXGroup section */

/* Begin PBXNativeTarget section */
		2F387912283E684500AD3C30 /* VCBackupEncoder */ = {
			isa = PBXNativeTarget;
			buildConfigurationList = 2F387929283E684500AD3C30 /* Build configuration list for PBXNativeTarget "VCBackupEncoder" */;
			buildPhases = (
				2F387913283E684500AD3C30 /* Sources */,
				2F387926283E684500AD3C30 /* Frameworks */,
				2F387927283E684500AD3C30 /* CopyFiles */,
				2F387928283E684500AD3C30 /* Embed Frameworks */,
			);
			buildRules = (
			);
			dependencies = (
			);
			name = VCBackupEncoder;
			packageProductDependencies = (
			);
			productName = VCBackupDecoder;
			productReference = 2F38792C283E684500AD3C30 /* VCBackupEncoder */;
			productType = "com.apple.product-type.tool";
		};
		2FEB6393283653E800C49325 /* VCBackupDecoder */ = {
			isa = PBXNativeTarget;
			buildConfigurationList = 2FEB639B283653E800C49325 /* Build configuration list for PBXNativeTarget "VCBackupDecoder" */;
			buildPhases = (
				2FEB6390283653E800C49325 /* Sources */,
				2FEB6391283653E800C49325 /* Frameworks */,
				2FEB6392283653E800C49325 /* CopyFiles */,
				2FEB63B7283658EC00C49325 /* Embed Frameworks */,
			);
			buildRules = (
			);
			dependencies = (
			);
			name = VCBackupDecoder;
			packageProductDependencies = (
			);
			productName = VCBackupDecoder;
			productReference = 2FEB6394283653E800C49325 /* VCBackupDecoder */;
			productType = "com.apple.product-type.tool";
		};
/* End PBXNativeTarget section */

/* Begin PBXProject section */
		2FEB638C283653E800C49325 /* Project object */ = {
			isa = PBXProject;
			attributes = {
				BuildIndependentTargetsInParallel = 1;
				LastSwiftUpdateCheck = 1340;
				LastUpgradeCheck = 1430;
				TargetAttributes = {
					2FEB6393283653E800C49325 = {
						CreatedOnToolsVersion = 13.4;
					};
				};
			};
			buildConfigurationList = 2FEB638F283653E800C49325 /* Build configuration list for PBXProject "VCBackupUtils" */;
			compatibilityVersion = "Xcode 13.0";
			developmentRegion = en;
			hasScannedForEncodings = 0;
			knownRegions = (
				en,
				Base,
			);
			mainGroup = 2FEB638B283653E800C49325;
			packageReferences = (
			);
			productRefGroup = 2FEB6395283653E800C49325 /* Products */;
			projectDirPath = "";
			projectReferences = (
				{
					ProductGroup = 2F64F4F029D79BCC004CB70D /* Products */;
					ProjectRef = 2F64F4EF29D79BCC004CB70D /* VCCrypto.xcodeproj */;
				},
				{
					ProductGroup = 2F64F52929D79EF0004CB70D /* Products */;
					ProjectRef = 2F64F52829D79EF0004CB70D /* VCToken.xcodeproj */;
				},
			);
			projectRoot = "";
			targets = (
				2FEB6393283653E800C49325 /* VCBackupDecoder */,
				2F387912283E684500AD3C30 /* VCBackupEncoder */,
			);
		};
/* End PBXProject section */

/* Begin PBXReferenceProxy section */
		2F64F4F429D79BCD004CB70D /* VCCrypto.framework */ = {
			isa = PBXReferenceProxy;
			fileType = wrapper.framework;
			path = VCCrypto.framework;
			remoteRef = 2F64F4F329D79BCD004CB70D /* PBXContainerItemProxy */;
			sourceTree = BUILT_PRODUCTS_DIR;
		};
		2F64F52D29D79EF0004CB70D /* VCToken.framework */ = {
			isa = PBXReferenceProxy;
			fileType = wrapper.framework;
			path = VCToken.framework;
			remoteRef = 2F64F52C29D79EF0004CB70D /* PBXContainerItemProxy */;
			sourceTree = BUILT_PRODUCTS_DIR;
		};
/* End PBXReferenceProxy section */

/* Begin PBXSourcesBuildPhase section */
		2F387913283E684500AD3C30 /* Sources */ = {
			isa = PBXSourcesBuildPhase;
			buildActionMask = 2147483647;
			files = (
				2F64F56929D7BF66004CB70D /* JwePasswordProtectedBackupData.swift in Sources */,
				2F64F57029D8A393004CB70D /* StdErr.swift in Sources */,
				2FC583C829D9AAAB00B17AB1 /* StdIn.swift in Sources */,
				2F64F56C29D7BF66004CB70D /* JwePasswordProtectionMethod.swift in Sources */,
				2F64F56D29D7BF66004CB70D /* UnprotectedBackupData.swift in Sources */,
				2F64F56B29D7BF66004CB70D /* BackupProtectionMethod.swift in Sources */,
				2F387918283E684500AD3C30 /* AppError.swift in Sources */,
				2F64F56A29D7BF66004CB70D /* ProtectedBackupData.swift in Sources */,
				2F38791B283E684500AD3C30 /* VCBackupEncoder.swift in Sources */,
			);
			runOnlyForDeploymentPostprocessing = 0;
		};
		2FEB6390283653E800C49325 /* Sources */ = {
			isa = PBXSourcesBuildPhase;
			buildActionMask = 2147483647;
			files = (
				2F64F54E29D7A0F6004CB70D /* JwePasswordProtectedBackupData.swift in Sources */,
				2F64F56F29D8A393004CB70D /* StdErr.swift in Sources */,
				2FC583C729D9AAAB00B17AB1 /* StdIn.swift in Sources */,
				2F64F55229D7A15A004CB70D /* BackupProtectionMethod.swift in Sources */,
				2F64F54929D7A077004CB70D /* UnprotectedBackupData.swift in Sources */,
				2F64F54C29D7A0D3004CB70D /* JwePasswordProtectionMethod.swift in Sources */,
				2FEB63D82836614300C49325 /* AppError.swift in Sources */,
				2F64F54A29D7A077004CB70D /* ProtectedBackupData.swift in Sources */,
				2FEB6398283653E800C49325 /* VCBackupDecoder.swift in Sources */,
			);
			runOnlyForDeploymentPostprocessing = 0;
		};
/* End PBXSourcesBuildPhase section */

/* Begin XCBuildConfiguration section */
		2F38792A283E684500AD3C30 /* Debug */ = {
			isa = XCBuildConfiguration;
			buildSettings = {
				CODE_SIGN_IDENTITY = "Apple Development";
				"CODE_SIGN_IDENTITY[sdk=macosx*]" = "Apple Development";
				CODE_SIGN_STYLE = Automatic;
				DEAD_CODE_STRIPPING = YES;
				DEVELOPMENT_TEAM = 3UU596WUZK;
				ENABLE_HARDENED_RUNTIME = YES;
				PRODUCT_NAME = "$(TARGET_NAME)";
				PROVISIONING_PROFILE_SPECIFIER = "";
				SWIFT_VERSION = 5.0;
			};
			name = Debug;
		};
		2F38792B283E684500AD3C30 /* Release */ = {
			isa = XCBuildConfiguration;
			buildSettings = {
				CODE_SIGN_IDENTITY = "Apple Development";
				"CODE_SIGN_IDENTITY[sdk=macosx*]" = "Apple Development";
				CODE_SIGN_STYLE = Automatic;
				DEAD_CODE_STRIPPING = YES;
				DEVELOPMENT_TEAM = 3UU596WUZK;
				ENABLE_HARDENED_RUNTIME = YES;
				PRODUCT_NAME = "$(TARGET_NAME)";
				PROVISIONING_PROFILE_SPECIFIER = "";
				SWIFT_VERSION = 5.0;
			};
			name = Release;
		};
		2FEB6399283653E800C49325 /* Debug */ = {
			isa = XCBuildConfiguration;
			buildSettings = {
				ALWAYS_SEARCH_USER_PATHS = NO;
				CLANG_ANALYZER_NONNULL = YES;
				CLANG_ANALYZER_NUMBER_OBJECT_CONVERSION = YES_AGGRESSIVE;
				CLANG_CXX_LANGUAGE_STANDARD = "gnu++17";
				CLANG_ENABLE_MODULES = YES;
				CLANG_ENABLE_OBJC_ARC = YES;
				CLANG_ENABLE_OBJC_WEAK = YES;
				CLANG_WARN_BLOCK_CAPTURE_AUTORELEASING = YES;
				CLANG_WARN_BOOL_CONVERSION = YES;
				CLANG_WARN_COMMA = YES;
				CLANG_WARN_CONSTANT_CONVERSION = YES;
				CLANG_WARN_DEPRECATED_OBJC_IMPLEMENTATIONS = YES;
				CLANG_WARN_DIRECT_OBJC_ISA_USAGE = YES_ERROR;
				CLANG_WARN_DOCUMENTATION_COMMENTS = YES;
				CLANG_WARN_EMPTY_BODY = YES;
				CLANG_WARN_ENUM_CONVERSION = YES;
				CLANG_WARN_INFINITE_RECURSION = YES;
				CLANG_WARN_INT_CONVERSION = YES;
				CLANG_WARN_NON_LITERAL_NULL_CONVERSION = YES;
				CLANG_WARN_OBJC_IMPLICIT_RETAIN_SELF = YES;
				CLANG_WARN_OBJC_LITERAL_CONVERSION = YES;
				CLANG_WARN_OBJC_ROOT_CLASS = YES_ERROR;
				CLANG_WARN_QUOTED_INCLUDE_IN_FRAMEWORK_HEADER = YES;
				CLANG_WARN_RANGE_LOOP_ANALYSIS = YES;
				CLANG_WARN_STRICT_PROTOTYPES = YES;
				CLANG_WARN_SUSPICIOUS_MOVE = YES;
				CLANG_WARN_UNGUARDED_AVAILABILITY = YES_AGGRESSIVE;
				CLANG_WARN_UNREACHABLE_CODE = YES;
				CLANG_WARN__DUPLICATE_METHOD_MATCH = YES;
				COPY_PHASE_STRIP = NO;
				DEAD_CODE_STRIPPING = YES;
				DEBUG_INFORMATION_FORMAT = dwarf;
				ENABLE_STRICT_OBJC_MSGSEND = YES;
				ENABLE_TESTABILITY = YES;
				GCC_C_LANGUAGE_STANDARD = gnu11;
				GCC_DYNAMIC_NO_PIC = NO;
				GCC_NO_COMMON_BLOCKS = YES;
				GCC_OPTIMIZATION_LEVEL = 0;
				GCC_PREPROCESSOR_DEFINITIONS = (
					"DEBUG=1",
					"$(inherited)",
				);
				GCC_WARN_64_TO_32_BIT_CONVERSION = YES;
				GCC_WARN_ABOUT_RETURN_TYPE = YES_ERROR;
				GCC_WARN_UNDECLARED_SELECTOR = YES;
				GCC_WARN_UNINITIALIZED_AUTOS = YES_AGGRESSIVE;
				GCC_WARN_UNUSED_FUNCTION = YES;
				GCC_WARN_UNUSED_VARIABLE = YES;
				MACOSX_DEPLOYMENT_TARGET = 12.3;
				MTL_ENABLE_DEBUG_INFO = INCLUDE_SOURCE;
				MTL_FAST_MATH = YES;
				ONLY_ACTIVE_ARCH = YES;
				SDKROOT = macosx;
				SWIFT_ACTIVE_COMPILATION_CONDITIONS = DEBUG;
				SWIFT_OPTIMIZATION_LEVEL = "-Onone";
			};
			name = Debug;
		};
		2FEB639A283653E800C49325 /* Release */ = {
			isa = XCBuildConfiguration;
			buildSettings = {
				ALWAYS_SEARCH_USER_PATHS = NO;
				CLANG_ANALYZER_NONNULL = YES;
				CLANG_ANALYZER_NUMBER_OBJECT_CONVERSION = YES_AGGRESSIVE;
				CLANG_CXX_LANGUAGE_STANDARD = "gnu++17";
				CLANG_ENABLE_MODULES = YES;
				CLANG_ENABLE_OBJC_ARC = YES;
				CLANG_ENABLE_OBJC_WEAK = YES;
				CLANG_WARN_BLOCK_CAPTURE_AUTORELEASING = YES;
				CLANG_WARN_BOOL_CONVERSION = YES;
				CLANG_WARN_COMMA = YES;
				CLANG_WARN_CONSTANT_CONVERSION = YES;
				CLANG_WARN_DEPRECATED_OBJC_IMPLEMENTATIONS = YES;
				CLANG_WARN_DIRECT_OBJC_ISA_USAGE = YES_ERROR;
				CLANG_WARN_DOCUMENTATION_COMMENTS = YES;
				CLANG_WARN_EMPTY_BODY = YES;
				CLANG_WARN_ENUM_CONVERSION = YES;
				CLANG_WARN_INFINITE_RECURSION = YES;
				CLANG_WARN_INT_CONVERSION = YES;
				CLANG_WARN_NON_LITERAL_NULL_CONVERSION = YES;
				CLANG_WARN_OBJC_IMPLICIT_RETAIN_SELF = YES;
				CLANG_WARN_OBJC_LITERAL_CONVERSION = YES;
				CLANG_WARN_OBJC_ROOT_CLASS = YES_ERROR;
				CLANG_WARN_QUOTED_INCLUDE_IN_FRAMEWORK_HEADER = YES;
				CLANG_WARN_RANGE_LOOP_ANALYSIS = YES;
				CLANG_WARN_STRICT_PROTOTYPES = YES;
				CLANG_WARN_SUSPICIOUS_MOVE = YES;
				CLANG_WARN_UNGUARDED_AVAILABILITY = YES_AGGRESSIVE;
				CLANG_WARN_UNREACHABLE_CODE = YES;
				CLANG_WARN__DUPLICATE_METHOD_MATCH = YES;
				COPY_PHASE_STRIP = NO;
				DEAD_CODE_STRIPPING = YES;
				DEBUG_INFORMATION_FORMAT = "dwarf-with-dsym";
				ENABLE_NS_ASSERTIONS = NO;
				ENABLE_STRICT_OBJC_MSGSEND = YES;
				GCC_C_LANGUAGE_STANDARD = gnu11;
				GCC_NO_COMMON_BLOCKS = YES;
				GCC_WARN_64_TO_32_BIT_CONVERSION = YES;
				GCC_WARN_ABOUT_RETURN_TYPE = YES_ERROR;
				GCC_WARN_UNDECLARED_SELECTOR = YES;
				GCC_WARN_UNINITIALIZED_AUTOS = YES_AGGRESSIVE;
				GCC_WARN_UNUSED_FUNCTION = YES;
				GCC_WARN_UNUSED_VARIABLE = YES;
				MACOSX_DEPLOYMENT_TARGET = 12.3;
				MTL_ENABLE_DEBUG_INFO = NO;
				MTL_FAST_MATH = YES;
				SDKROOT = macosx;
				SWIFT_COMPILATION_MODE = wholemodule;
				SWIFT_OPTIMIZATION_LEVEL = "-O";
			};
			name = Release;
		};
		2FEB639C283653E800C49325 /* Debug */ = {
			isa = XCBuildConfiguration;
			buildSettings = {
				CODE_SIGN_IDENTITY = "Apple Development";
				CODE_SIGN_STYLE = Automatic;
				DEAD_CODE_STRIPPING = YES;
				DEVELOPMENT_TEAM = 3UU596WUZK;
				ENABLE_HARDENED_RUNTIME = YES;
				PRODUCT_NAME = "$(TARGET_NAME)";
				PROVISIONING_PROFILE_SPECIFIER = "";
				SWIFT_VERSION = 5.0;
			};
			name = Debug;
		};
		2FEB639D283653E800C49325 /* Release */ = {
			isa = XCBuildConfiguration;
			buildSettings = {
				CODE_SIGN_IDENTITY = "Apple Development";
				CODE_SIGN_STYLE = Automatic;
				DEAD_CODE_STRIPPING = YES;
				DEVELOPMENT_TEAM = 3UU596WUZK;
				ENABLE_HARDENED_RUNTIME = YES;
				PRODUCT_NAME = "$(TARGET_NAME)";
				PROVISIONING_PROFILE_SPECIFIER = "";
				SWIFT_VERSION = 5.0;
			};
			name = Release;
		};
/* End XCBuildConfiguration section */

/* Begin XCConfigurationList section */
		2F387929283E684500AD3C30 /* Build configuration list for PBXNativeTarget "VCBackupEncoder" */ = {
			isa = XCConfigurationList;
			buildConfigurations = (
				2F38792A283E684500AD3C30 /* Debug */,
				2F38792B283E684500AD3C30 /* Release */,
			);
			defaultConfigurationIsVisible = 0;
			defaultConfigurationName = Release;
		};
		2FEB638F283653E800C49325 /* Build configuration list for PBXProject "VCBackupUtils" */ = {
			isa = XCConfigurationList;
			buildConfigurations = (
				2FEB6399283653E800C49325 /* Debug */,
				2FEB639A283653E800C49325 /* Release */,
			);
			defaultConfigurationIsVisible = 0;
			defaultConfigurationName = Release;
		};
		2FEB639B283653E800C49325 /* Build configuration list for PBXNativeTarget "VCBackupDecoder" */ = {
			isa = XCConfigurationList;
			buildConfigurations = (
				2FEB639C283653E800C49325 /* Debug */,
				2FEB639D283653E800C49325 /* Release */,
			);
			defaultConfigurationIsVisible = 0;
			defaultConfigurationName = Release;
		};
/* End XCConfigurationList section */
	};
	rootObject = 2FEB638C283653E800C49325 /* Project object */;
}
